
Microsoft Visual Studio Solution File, Format Version 12.00
# Visual Studio Version 16
VisualStudioVersion = 16.0.32106.194
MinimumVisualStudioVersion = 10.0.40219.1
Project("{FAE04EC0-301F-11D3-BF4B-00C04F79EFBC}") = "Projeto S.A.L (PRO)", "Projeto S.A.L (PRO).csproj", "{91232824-46C5-46A9-B78B-5DAA67664302}"
EndProject
Global
	GlobalSection(SolutionConfigurationPlatforms) = preSolution
		Debug|Any CPU = Debug|Any CPU
		Release|Any CPU = Release|Any CPU
	EndGlobalSection
	GlobalSection(ProjectConfigurationPlatforms) = postSolution
		{91232824-46C5-46A9-B78B-5DAA67664302}.Debug|Any CPU.ActiveCfg = Debug|Any CPU
		{91232824-46C5-46A9-B78B-5DAA67664302}.Debug|Any CPU.Build.0 = Debug|Any CPU
		{91232824-46C5-46A9-B78B-5DAA67664302}.Release|Any CPU.ActiveCfg = Release|Any CPU
		{91232824-46C5-46A9-B78B-5DAA67664302}.Release|Any CPU.Build.0 = Release|Any CPU
	EndGlobalSection
	GlobalSection(SolutionProperties) = preSolution
		HideSolutionNode = FALSE
	EndGlobalSection
	GlobalSection(ExtensibilityGlobals) = postSolution
		SolutionGuid = {3CE33EAF-817E-4BB7-AF6F-0FB231A15A22}
	EndGlobalSection
EndGlobal
